// !$*UTF8*$!
{
	archiveVersion = 1;
	classes = {
	};
	objectVersion = 56;
	objects = {

/* Begin PBXBuildFile section */
		84B200022A5DB0A00040752A /* Category.swift in Sources */ = {isa = PBXBuildFile; fileRef = 84B200012A5DB0A00040752A /* Category.swift */; };
		84B200042A5DB0BF0040752A /* CategoryViewModel.swift in Sources */ = {isa = PBXBuildFile; fileRef = 84B200032A5DB0BF0040752A /* CategoryViewModel.swift */; };
		84B200072A5DF8310040752A /* CoreLocationManager.swift in Sources */ = {isa = PBXBuildFile; fileRef = 84B200062A5DF8310040752A /* CoreLocationManager.swift */; };
		84B2FFDB2A5D5FE40040752A /* FoodDeliveryApp.swift in Sources */ = {isa = PBXBuildFile; fileRef = 84B2FFDA2A5D5FE40040752A /* FoodDeliveryApp.swift */; };
		84B2FFDF2A5D5FE50040752A /* Assets.xcassets in Resources */ = {isa = PBXBuildFile; fileRef = 84B2FFDE2A5D5FE50040752A /* Assets.xcassets */; };
		84B2FFE32A5D5FE50040752A /* Preview Assets.xcassets in Resources */ = {isa = PBXBuildFile; fileRef = 84B2FFE22A5D5FE50040752A /* Preview Assets.xcassets */; };
		84B2FFEC2A5D604B0040752A /* CoordinatorView.swift in Sources */ = {isa = PBXBuildFile; fileRef = 84B2FFEA2A5D604A0040752A /* CoordinatorView.swift */; };
		84B2FFED2A5D604B0040752A /* Coordinator.swift in Sources */ = {isa = PBXBuildFile; fileRef = 84B2FFEB2A5D604A0040752A /* Coordinator.swift */; };
		84B2FFF32A5D608C0040752A /* SecondView.swift in Sources */ = {isa = PBXBuildFile; fileRef = 84B2FFEE2A5D608B0040752A /* SecondView.swift */; };
		84B2FFF42A5D608C0040752A /* FirstView.swift in Sources */ = {isa = PBXBuildFile; fileRef = 84B2FFEF2A5D608B0040752A /* FirstView.swift */; };
		84B2FFF52A5D608C0040752A /* SheetFirstView.swift in Sources */ = {isa = PBXBuildFile; fileRef = 84B2FFF02A5D608C0040752A /* SheetFirstView.swift */; };
		84B2FFF62A5D608C0040752A /* ThirdView.swift in Sources */ = {isa = PBXBuildFile; fileRef = 84B2FFF12A5D608C0040752A /* ThirdView.swift */; };
		84B2FFF72A5D608C0040752A /* FullScreenFirstView.swift in Sources */ = {isa = PBXBuildFile; fileRef = 84B2FFF22A5D608C0040752A /* FullScreenFirstView.swift */; };
		84B2FFF92A5D70CB0040752A /* TabBarView.swift in Sources */ = {isa = PBXBuildFile; fileRef = 84B2FFF82A5D70CB0040752A /* TabBarView.swift */; };
		84B2FFFB2A5D75690040752A /* HeaderView.swift in Sources */ = {isa = PBXBuildFile; fileRef = 84B2FFFA2A5D75690040752A /* HeaderView.swift */; };
		84B2FFFD2A5D760E0040752A /* MainView.swift in Sources */ = {isa = PBXBuildFile; fileRef = 84B2FFFC2A5D760E0040752A /* MainView.swift */; };
		84B2FFFF2A5D77590040752A /* CategoryView.swift in Sources */ = {isa = PBXBuildFile; fileRef = 84B2FFFE2A5D77590040752A /* CategoryView.swift */; };
/* End PBXBuildFile section */

/* Begin PBXFileReference section */
		84B200012A5DB0A00040752A /* Category.swift */ = {isa = PBXFileReference; lastKnownFileType = sourcecode.swift; path = Category.swift; sourceTree = "<group>"; };
		84B200032A5DB0BF0040752A /* CategoryViewModel.swift */ = {isa = PBXFileReference; lastKnownFileType = sourcecode.swift; path = CategoryViewModel.swift; sourceTree = "<group>"; };
		84B200062A5DF8310040752A /* CoreLocationManager.swift */ = {isa = PBXFileReference; lastKnownFileType = sourcecode.swift; path = CoreLocationManager.swift; sourceTree = "<group>"; };
		84B2FFD72A5D5FE40040752A /* FoodDelivery.app */ = {isa = PBXFileReference; explicitFileType = wrapper.application; includeInIndex = 0; path = FoodDelivery.app; sourceTree = BUILT_PRODUCTS_DIR; };
		84B2FFDA2A5D5FE40040752A /* FoodDeliveryApp.swift */ = {isa = PBXFileReference; lastKnownFileType = sourcecode.swift; path = FoodDeliveryApp.swift; sourceTree = "<group>"; };
		84B2FFDE2A5D5FE50040752A /* Assets.xcassets */ = {isa = PBXFileReference; lastKnownFileType = folder.assetcatalog; path = Assets.xcassets; sourceTree = "<group>"; };
		84B2FFE02A5D5FE50040752A /* FoodDelivery.entitlements */ = {isa = PBXFileReference; lastKnownFileType = text.plist.entitlements; path = FoodDelivery.entitlements; sourceTree = "<group>"; };
		84B2FFE22A5D5FE50040752A /* Preview Assets.xcassets */ = {isa = PBXFileReference; lastKnownFileType = folder.assetcatalog; path = "Preview Assets.xcassets"; sourceTree = "<group>"; };
		84B2FFEA2A5D604A0040752A /* CoordinatorView.swift */ = {isa = PBXFileReference; fileEncoding = 4; lastKnownFileType = sourcecode.swift; path = CoordinatorView.swift; sourceTree = "<group>"; };
		84B2FFEB2A5D604A0040752A /* Coordinator.swift */ = {isa = PBXFileReference; fileEncoding = 4; lastKnownFileType = sourcecode.swift; path = Coordinator.swift; sourceTree = "<group>"; };
		84B2FFEE2A5D608B0040752A /* SecondView.swift */ = {isa = PBXFileReference; fileEncoding = 4; lastKnownFileType = sourcecode.swift; path = SecondView.swift; sourceTree = "<group>"; };
		84B2FFEF2A5D608B0040752A /* FirstView.swift */ = {isa = PBXFileReference; fileEncoding = 4; lastKnownFileType = sourcecode.swift; path = FirstView.swift; sourceTree = "<group>"; };
		84B2FFF02A5D608C0040752A /* SheetFirstView.swift */ = {isa = PBXFileReference; fileEncoding = 4; lastKnownFileType = sourcecode.swift; path = SheetFirstView.swift; sourceTree = "<group>"; };
		84B2FFF12A5D608C0040752A /* ThirdView.swift */ = {isa = PBXFileReference; fileEncoding = 4; lastKnownFileType = sourcecode.swift; path = ThirdView.swift; sourceTree = "<group>"; };
		84B2FFF22A5D608C0040752A /* FullScreenFirstView.swift */ = {isa = PBXFileReference; fileEncoding = 4; lastKnownFileType = sourcecode.swift; path = FullScreenFirstView.swift; sourceTree = "<group>"; };
		84B2FFF82A5D70CB0040752A /* TabBarView.swift */ = {isa = PBXFileReference; lastKnownFileType = sourcecode.swift; path = TabBarView.swift; sourceTree = "<group>"; };
		84B2FFFA2A5D75690040752A /* HeaderView.swift */ = {isa = PBXFileReference; lastKnownFileType = sourcecode.swift; path = HeaderView.swift; sourceTree = "<group>"; };
		84B2FFFC2A5D760E0040752A /* MainView.swift */ = {isa = PBXFileReference; lastKnownFileType = sourcecode.swift; path = MainView.swift; sourceTree = "<group>"; };
		84B2FFFE2A5D77590040752A /* CategoryView.swift */ = {isa = PBXFileReference; lastKnownFileType = sourcecode.swift; path = CategoryView.swift; sourceTree = "<group>"; };
/* End PBXFileReference section */

/* Begin PBXFrameworksBuildPhase section */
		84B2FFD42A5D5FE40040752A /* Frameworks */ = {
			isa = PBXFrameworksBuildPhase;
			buildActionMask = 2147483647;
			files = (
			);
			runOnlyForDeploymentPostprocessing = 0;
		};
/* End PBXFrameworksBuildPhase section */

/* Begin PBXGroup section */
		84B200002A5DB0900040752A /* Category */ = {
			isa = PBXGroup;
			children = (
				84B2FFFE2A5D77590040752A /* CategoryView.swift */,
				84B200032A5DB0BF0040752A /* CategoryViewModel.swift */,
				84B200012A5DB0A00040752A /* Category.swift */,
			);
			path = Category;
			sourceTree = "<group>";
		};
		84B200052A5DF8170040752A /* CoreLocation */ = {
			isa = PBXGroup;
			children = (
				84B200062A5DF8310040752A /* CoreLocationManager.swift */,
			);
			path = CoreLocation;
			sourceTree = "<group>";
		};
		84B2FFCE2A5D5FE40040752A = {
			isa = PBXGroup;
			children = (
				84B2FFD92A5D5FE40040752A /* FoodDelivery */,
				84B2FFD82A5D5FE40040752A /* Products */,
			);
			sourceTree = "<group>";
		};
		84B2FFD82A5D5FE40040752A /* Products */ = {
			isa = PBXGroup;
			children = (
				84B2FFD72A5D5FE40040752A /* FoodDelivery.app */,
			);
			name = Products;
			sourceTree = "<group>";
		};
		84B2FFD92A5D5FE40040752A /* FoodDelivery */ = {
			isa = PBXGroup;
			children = (
				84B2FFDA2A5D5FE40040752A /* FoodDeliveryApp.swift */,
				84B2FFE92A5D604A0040752A /* Coordinator */,
				84B2FFEF2A5D608B0040752A /* FirstView.swift */,
				84B200052A5DF8170040752A /* CoreLocation */,
				84B2FFFA2A5D75690040752A /* HeaderView.swift */,
				84B2FFF82A5D70CB0040752A /* TabBarView.swift */,
				84B2FFFC2A5D760E0040752A /* MainView.swift */,
				84B200002A5DB0900040752A /* Category */,
				84B2FFF22A5D608C0040752A /* FullScreenFirstView.swift */,
				84B2FFEE2A5D608B0040752A /* SecondView.swift */,
				84B2FFF02A5D608C0040752A /* SheetFirstView.swift */,
				84B2FFF12A5D608C0040752A /* ThirdView.swift */,
				84B2FFDE2A5D5FE50040752A /* Assets.xcassets */,
				84B2FFE02A5D5FE50040752A /* FoodDelivery.entitlements */,
				84B2FFE12A5D5FE50040752A /* Preview Content */,
			);
			path = FoodDelivery;
			sourceTree = "<group>";
		};
		84B2FFE12A5D5FE50040752A /* Preview Content */ = {
			isa = PBXGroup;
			children = (
				84B2FFE22A5D5FE50040752A /* Preview Assets.xcassets */,
			);
			path = "Preview Content";
			sourceTree = "<group>";
		};
		84B2FFE92A5D604A0040752A /* Coordinator */ = {
			isa = PBXGroup;
			children = (
				84B2FFEB2A5D604A0040752A /* Coordinator.swift */,
				84B2FFEA2A5D604A0040752A /* CoordinatorView.swift */,
			);
			path = Coordinator;
			sourceTree = "<group>";
		};
/* End PBXGroup section */

/* Begin PBXNativeTarget section */
		84B2FFD62A5D5FE40040752A /* FoodDelivery */ = {
			isa = PBXNativeTarget;
			buildConfigurationList = 84B2FFE62A5D5FE50040752A /* Build configuration list for PBXNativeTarget "FoodDelivery" */;
			buildPhases = (
				84B2FFD32A5D5FE40040752A /* Sources */,
				84B2FFD42A5D5FE40040752A /* Frameworks */,
				84B2FFD52A5D5FE40040752A /* Resources */,
			);
			buildRules = (
			);
			dependencies = (
			);
			name = FoodDelivery;
			productName = FoodDelivery;
			productReference = 84B2FFD72A5D5FE40040752A /* FoodDelivery.app */;
			productType = "com.apple.product-type.application";
		};
/* End PBXNativeTarget section */

/* Begin PBXProject section */
		84B2FFCF2A5D5FE40040752A /* Project object */ = {
			isa = PBXProject;
			attributes = {
				BuildIndependentTargetsInParallel = 1;
				LastSwiftUpdateCheck = 1430;
				LastUpgradeCheck = 1430;
				TargetAttributes = {
					84B2FFD62A5D5FE40040752A = {
						CreatedOnToolsVersion = 14.3.1;
					};
				};
			};
			buildConfigurationList = 84B2FFD22A5D5FE40040752A /* Build configuration list for PBXProject "FoodDelivery" */;
			compatibilityVersion = "Xcode 14.0";
			developmentRegion = en;
			hasScannedForEncodings = 0;
			knownRegions = (
				en,
				Base,
			);
			mainGroup = 84B2FFCE2A5D5FE40040752A;
			productRefGroup = 84B2FFD82A5D5FE40040752A /* Products */;
			projectDirPath = "";
			projectRoot = "";
			targets = (
				84B2FFD62A5D5FE40040752A /* FoodDelivery */,
			);
		};
/* End PBXProject section */

/* Begin PBXResourcesBuildPhase section */
		84B2FFD52A5D5FE40040752A /* Resources */ = {
			isa = PBXResourcesBuildPhase;
			buildActionMask = 2147483647;
			files = (
				84B2FFE32A5D5FE50040752A /* Preview Assets.xcassets in Resources */,
				84B2FFDF2A5D5FE50040752A /* Assets.xcassets in Resources */,
			);
			runOnlyForDeploymentPostprocessing = 0;
		};
/* End PBXResourcesBuildPhase section */

/* Begin PBXSourcesBuildPhase section */
		84B2FFD32A5D5FE40040752A /* Sources */ = {
			isa = PBXSourcesBuildPhase;
			buildActionMask = 2147483647;
			files = (
				84B200042A5DB0BF0040752A /* CategoryViewModel.swift in Sources */,
				84B2FFF62A5D608C0040752A /* ThirdView.swift in Sources */,
				84B200072A5DF8310040752A /* CoreLocationManager.swift in Sources */,
				84B2FFF92A5D70CB0040752A /* TabBarView.swift in Sources */,
				84B2FFFF2A5D77590040752A /* CategoryView.swift in Sources */,
				84B2FFED2A5D604B0040752A /* Coordinator.swift in Sources */,
				84B2FFF42A5D608C0040752A /* FirstView.swift in Sources */,
				84B2FFF32A5D608C0040752A /* SecondView.swift in Sources */,
				84B2FFFB2A5D75690040752A /* HeaderView.swift in Sources */,
				84B2FFEC2A5D604B0040752A /* CoordinatorView.swift in Sources */,
				84B2FFFD2A5D760E0040752A /* MainView.swift in Sources */,
				84B200022A5DB0A00040752A /* Category.swift in Sources */,
				84B2FFF72A5D608C0040752A /* FullScreenFirstView.swift in Sources */,
				84B2FFF52A5D608C0040752A /* SheetFirstView.swift in Sources */,
				84B2FFDB2A5D5FE40040752A /* FoodDeliveryApp.swift in Sources */,
			);
			runOnlyForDeploymentPostprocessing = 0;
		};
/* End PBXSourcesBuildPhase section */

/* Begin XCBuildConfiguration section */
		84B2FFE42A5D5FE50040752A /* Debug */ = {
			isa = XCBuildConfiguration;
			buildSettings = {
				ALWAYS_SEARCH_USER_PATHS = NO;
				CLANG_ANALYZER_NONNULL = YES;
				CLANG_ANALYZER_NUMBER_OBJECT_CONVERSION = YES_AGGRESSIVE;
				CLANG_CXX_LANGUAGE_STANDARD = "gnu++20";
				CLANG_ENABLE_MODULES = YES;
				CLANG_ENABLE_OBJC_ARC = YES;
				CLANG_ENABLE_OBJC_WEAK = YES;
				CLANG_WARN_BLOCK_CAPTURE_AUTORELEASING = YES;
				CLANG_WARN_BOOL_CONVERSION = YES;
				CLANG_WARN_COMMA = YES;
				CLANG_WARN_CONSTANT_CONVERSION = YES;
				CLANG_WARN_DEPRECATED_OBJC_IMPLEMENTATIONS = YES;
				CLANG_WARN_DIRECT_OBJC_ISA_USAGE = YES_ERROR;
				CLANG_WARN_DOCUMENTATION_COMMENTS = YES;
				CLANG_WARN_EMPTY_BODY = YES;
				CLANG_WARN_ENUM_CONVERSION = YES;
				CLANG_WARN_INFINITE_RECURSION = YES;
				CLANG_WARN_INT_CONVERSION = YES;
				CLANG_WARN_NON_LITERAL_NULL_CONVERSION = YES;
				CLANG_WARN_OBJC_IMPLICIT_RETAIN_SELF = YES;
				CLANG_WARN_OBJC_LITERAL_CONVERSION = YES;
				CLANG_WARN_OBJC_ROOT_CLASS = YES_ERROR;
				CLANG_WARN_QUOTED_INCLUDE_IN_FRAMEWORK_HEADER = YES;
				CLANG_WARN_RANGE_LOOP_ANALYSIS = YES;
				CLANG_WARN_STRICT_PROTOTYPES = YES;
				CLANG_WARN_SUSPICIOUS_MOVE = YES;
				CLANG_WARN_UNGUARDED_AVAILABILITY = YES_AGGRESSIVE;
				CLANG_WARN_UNREACHABLE_CODE = YES;
				CLANG_WARN__DUPLICATE_METHOD_MATCH = YES;
				COPY_PHASE_STRIP = NO;
				DEBUG_INFORMATION_FORMAT = dwarf;
				ENABLE_STRICT_OBJC_MSGSEND = YES;
				ENABLE_TESTABILITY = YES;
				GCC_C_LANGUAGE_STANDARD = gnu11;
				GCC_DYNAMIC_NO_PIC = NO;
				GCC_NO_COMMON_BLOCKS = YES;
				GCC_OPTIMIZATION_LEVEL = 0;
				GCC_PREPROCESSOR_DEFINITIONS = (
					"DEBUG=1",
					"$(inherited)",
				);
				GCC_WARN_64_TO_32_BIT_CONVERSION = YES;
				GCC_WARN_ABOUT_RETURN_TYPE = YES_ERROR;
				GCC_WARN_UNDECLARED_SELECTOR = YES;
				GCC_WARN_UNINITIALIZED_AUTOS = YES_AGGRESSIVE;
				GCC_WARN_UNUSED_FUNCTION = YES;
				GCC_WARN_UNUSED_VARIABLE = YES;
				MTL_ENABLE_DEBUG_INFO = INCLUDE_SOURCE;
				MTL_FAST_MATH = YES;
				ONLY_ACTIVE_ARCH = YES;
				SWIFT_ACTIVE_COMPILATION_CONDITIONS = DEBUG;
				SWIFT_OPTIMIZATION_LEVEL = "-Onone";
			};
			name = Debug;
		};
		84B2FFE52A5D5FE50040752A /* Release */ = {
			isa = XCBuildConfiguration;
			buildSettings = {
				ALWAYS_SEARCH_USER_PATHS = NO;
				CLANG_ANALYZER_NONNULL = YES;
				CLANG_ANALYZER_NUMBER_OBJECT_CONVERSION = YES_AGGRESSIVE;
				CLANG_CXX_LANGUAGE_STANDARD = "gnu++20";
				CLANG_ENABLE_MODULES = YES;
				CLANG_ENABLE_OBJC_ARC = YES;
				CLANG_ENABLE_OBJC_WEAK = YES;
				CLANG_WARN_BLOCK_CAPTURE_AUTORELEASING = YES;
				CLANG_WARN_BOOL_CONVERSION = YES;
				CLANG_WARN_COMMA = YES;
				CLANG_WARN_CONSTANT_CONVERSION = YES;
				CLANG_WARN_DEPRECATED_OBJC_IMPLEMENTATIONS = YES;
				CLANG_WARN_DIRECT_OBJC_ISA_USAGE = YES_ERROR;
				CLANG_WARN_DOCUMENTATION_COMMENTS = YES;
				CLANG_WARN_EMPTY_BODY = YES;
				CLANG_WARN_ENUM_CONVERSION = YES;
				CLANG_WARN_INFINITE_RECURSION = YES;
				CLANG_WARN_INT_CONVERSION = YES;
				CLANG_WARN_NON_LITERAL_NULL_CONVERSION = YES;
				CLANG_WARN_OBJC_IMPLICIT_RETAIN_SELF = YES;
				CLANG_WARN_OBJC_LITERAL_CONVERSION = YES;
				CLANG_WARN_OBJC_ROOT_CLASS = YES_ERROR;
				CLANG_WARN_QUOTED_INCLUDE_IN_FRAMEWORK_HEADER = YES;
				CLANG_WARN_RANGE_LOOP_ANALYSIS = YES;
				CLANG_WARN_STRICT_PROTOTYPES = YES;
				CLANG_WARN_SUSPICIOUS_MOVE = YES;
				CLANG_WARN_UNGUARDED_AVAILABILITY = YES_AGGRESSIVE;
				CLANG_WARN_UNREACHABLE_CODE = YES;
				CLANG_WARN__DUPLICATE_METHOD_MATCH = YES;
				COPY_PHASE_STRIP = NO;
				DEBUG_INFORMATION_FORMAT = "dwarf-with-dsym";
				ENABLE_NS_ASSERTIONS = NO;
				ENABLE_STRICT_OBJC_MSGSEND = YES;
				GCC_C_LANGUAGE_STANDARD = gnu11;
				GCC_NO_COMMON_BLOCKS = YES;
				GCC_WARN_64_TO_32_BIT_CONVERSION = YES;
				GCC_WARN_ABOUT_RETURN_TYPE = YES_ERROR;
				GCC_WARN_UNDECLARED_SELECTOR = YES;
				GCC_WARN_UNINITIALIZED_AUTOS = YES_AGGRESSIVE;
				GCC_WARN_UNUSED_FUNCTION = YES;
				GCC_WARN_UNUSED_VARIABLE = YES;
				MTL_ENABLE_DEBUG_INFO = NO;
				MTL_FAST_MATH = YES;
				SWIFT_COMPILATION_MODE = wholemodule;
				SWIFT_OPTIMIZATION_LEVEL = "-O";
			};
			name = Release;
		};
		84B2FFE72A5D5FE50040752A /* Debug */ = {
			isa = XCBuildConfiguration;
			buildSettings = {
				ASSETCATALOG_COMPILER_APPICON_NAME = AppIcon;
				ASSETCATALOG_COMPILER_GLOBAL_ACCENT_COLOR_NAME = AccentColor;
				CODE_SIGN_ENTITLEMENTS = FoodDelivery/FoodDelivery.entitlements;
				CODE_SIGN_STYLE = Automatic;
				CURRENT_PROJECT_VERSION = 1;
				DEVELOPMENT_ASSET_PATHS = "\"FoodDelivery/Preview Content\"";
				DEVELOPMENT_TEAM = 45BPS947ZY;
				ENABLE_HARDENED_RUNTIME = YES;
				ENABLE_PREVIEWS = YES;
				GENERATE_INFOPLIST_FILE = YES;
				"INFOPLIST_KEY_UIApplicationSceneManifest_Generation[sdk=iphoneos*]" = YES;
				"INFOPLIST_KEY_UIApplicationSceneManifest_Generation[sdk=iphonesimulator*]" = YES;
				"INFOPLIST_KEY_UIApplicationSupportsIndirectInputEvents[sdk=iphoneos*]" = YES;
				"INFOPLIST_KEY_UIApplicationSupportsIndirectInputEvents[sdk=iphonesimulator*]" = YES;
				"INFOPLIST_KEY_UILaunchScreen_Generation[sdk=iphoneos*]" = YES;
				"INFOPLIST_KEY_UILaunchScreen_Generation[sdk=iphonesimulator*]" = YES;
				"INFOPLIST_KEY_UIStatusBarStyle[sdk=iphoneos*]" = UIStatusBarStyleDefault;
				"INFOPLIST_KEY_UIStatusBarStyle[sdk=iphonesimulator*]" = UIStatusBarStyleDefault;
				INFOPLIST_KEY_UISupportedInterfaceOrientations_iPad = "UIInterfaceOrientationPortrait UIInterfaceOrientationPortraitUpsideDown UIInterfaceOrientationLandscapeLeft UIInterfaceOrientationLandscapeRight";
				INFOPLIST_KEY_UISupportedInterfaceOrientations_iPhone = "UIInterfaceOrientationPortrait UIInterfaceOrientationLandscapeLeft UIInterfaceOrientationLandscapeRight";
				IPHONEOS_DEPLOYMENT_TARGET = 16.4;
				LD_RUNPATH_SEARCH_PATHS = "@executable_path/Frameworks";
				"LD_RUNPATH_SEARCH_PATHS[sdk=macosx*]" = "@executable_path/../Frameworks";
				MACOSX_DEPLOYMENT_TARGET = 13.3;
				MARKETING_VERSION = 1.0;
				PRODUCT_BUNDLE_IDENTIFIER = "com.i0s-news.FoodDelivery";
				PRODUCT_NAME = "$(TARGET_NAME)";
				SDKROOT = auto;
				SUPPORTED_PLATFORMS = "iphoneos iphonesimulator macosx";
				SWIFT_EMIT_LOC_STRINGS = YES;
				SWIFT_VERSION = 5.0;
				TARGETED_DEVICE_FAMILY = "1,2";
			};
			name = Debug;
		};
		84B2FFE82A5D5FE50040752A /* Release */ = {
			isa = XCBuildConfiguration;
			buildSettings = {
				ASSETCATALOG_COMPILER_APPICON_NAME = AppIcon;
				ASSETCATALOG_COMPILER_GLOBAL_ACCENT_COLOR_NAME = AccentColor;
				CODE_SIGN_ENTITLEMENTS = FoodDelivery/FoodDelivery.entitlements;
				CODE_SIGN_STYLE = Automatic;
				CURRENT_PROJECT_VERSION = 1;
				DEVELOPMENT_ASSET_PATHS = "\"FoodDelivery/Preview Content\"";
				DEVELOPMENT_TEAM = 45BPS947ZY;
				ENABLE_HARDENED_RUNTIME = YES;
				ENABLE_PREVIEWS = YES;
				GENERATE_INFOPLIST_FILE = YES;
				"INFOPLIST_KEY_UIApplicationSceneManifest_Generation[sdk=iphoneos*]" = YES;
				"INFOPLIST_KEY_UIApplicationSceneManifest_Generation[sdk=iphonesimulator*]" = YES;
				"INFOPLIST_KEY_UIApplicationSupportsIndirectInputEvents[sdk=iphoneos*]" = YES;
				"INFOPLIST_KEY_UIApplicationSupportsIndirectInputEvents[sdk=iphonesimulator*]" = YES;
				"INFOPLIST_KEY_UILaunchScreen_Generation[sdk=iphoneos*]" = YES;
				"INFOPLIST_KEY_UILaunchScreen_Generation[sdk=iphonesimulator*]" = YES;
				"INFOPLIST_KEY_UIStatusBarStyle[sdk=iphoneos*]" = UIStatusBarStyleDefault;
				"INFOPLIST_KEY_UIStatusBarStyle[sdk=iphonesimulator*]" = UIStatusBarStyleDefault;
				INFOPLIST_KEY_UISupportedInterfaceOrientations_iPad = "UIInterfaceOrientationPortrait UIInterfaceOrientationPortraitUpsideDown UIInterfaceOrientationLandscapeLeft UIInterfaceOrientationLandscapeRight";
				INFOPLIST_KEY_UISupportedInterfaceOrientations_iPhone = "UIInterfaceOrientationPortrait UIInterfaceOrientationLandscapeLeft UIInterfaceOrientationLandscapeRight";
				IPHONEOS_DEPLOYMENT_TARGET = 16.4;
				LD_RUNPATH_SEARCH_PATHS = "@executable_path/Frameworks";
				"LD_RUNPATH_SEARCH_PATHS[sdk=macosx*]" = "@executable_path/../Frameworks";
				MACOSX_DEPLOYMENT_TARGET = 13.3;
				MARKETING_VERSION = 1.0;
				PRODUCT_BUNDLE_IDENTIFIER = "com.i0s-news.FoodDelivery";
				PRODUCT_NAME = "$(TARGET_NAME)";
				SDKROOT = auto;
				SUPPORTED_PLATFORMS = "iphoneos iphonesimulator macosx";
				SWIFT_EMIT_LOC_STRINGS = YES;
				SWIFT_VERSION = 5.0;
				TARGETED_DEVICE_FAMILY = "1,2";
			};
			name = Release;
		};
/* End XCBuildConfiguration section */

/* Begin XCConfigurationList section */
		84B2FFD22A5D5FE40040752A /* Build configuration list for PBXProject "FoodDelivery" */ = {
			isa = XCConfigurationList;
			buildConfigurations = (
				84B2FFE42A5D5FE50040752A /* Debug */,
				84B2FFE52A5D5FE50040752A /* Release */,
			);
			defaultConfigurationIsVisible = 0;
			defaultConfigurationName = Release;
		};
		84B2FFE62A5D5FE50040752A /* Build configuration list for PBXNativeTarget "FoodDelivery" */ = {
			isa = XCConfigurationList;
			buildConfigurations = (
				84B2FFE72A5D5FE50040752A /* Debug */,
				84B2FFE82A5D5FE50040752A /* Release */,
			);
			defaultConfigurationIsVisible = 0;
			defaultConfigurationName = Release;
		};
/* End XCConfigurationList section */
	};
	rootObject = 84B2FFCF2A5D5FE40040752A /* Project object */;
}
